// !$*UTF8*$!
{
	archiveVersion = 1;
	classes = {
	};
	objectVersion = 50;
	objects = {

/* Begin PBXBuildFile section */
		1494AEAFD0482693910323D5 /* libPods-diceApp.a in Frameworks */ = {isa = PBXBuildFile; fileRef = 1BD5E0F99F7958F7CCC77507 /* libPods-diceApp.a */; };
		C02B1AE423639CA8004AF61E /* AppDelegate.swift in Sources */ = {isa = PBXBuildFile; fileRef = C02B1AE323639CA8004AF61E /* AppDelegate.swift */; };
		C02B1AE623639CA8004AF61E /* SceneDelegate.swift in Sources */ = {isa = PBXBuildFile; fileRef = C02B1AE523639CA8004AF61E /* SceneDelegate.swift */; };
		C02B1AE823639CA8004AF61E /* ViewController.swift in Sources */ = {isa = PBXBuildFile; fileRef = C02B1AE723639CA8004AF61E /* ViewController.swift */; };
		C02B1AEB23639CA8004AF61E /* Main.storyboard in Resources */ = {isa = PBXBuildFile; fileRef = C02B1AE923639CA8004AF61E /* Main.storyboard */; };
		C02B1AED23639CAD004AF61E /* Assets.xcassets in Resources */ = {isa = PBXBuildFile; fileRef = C02B1AEC23639CAD004AF61E /* Assets.xcassets */; };
		C02B1AF023639CAD004AF61E /* LaunchScreen.storyboard in Resources */ = {isa = PBXBuildFile; fileRef = C02B1AEE23639CAD004AF61E /* LaunchScreen.storyboard */; };
/* End PBXBuildFile section */

/* Begin PBXFileReference section */
		1BD5E0F99F7958F7CCC77507 /* libPods-diceApp.a */ = {isa = PBXFileReference; explicitFileType = archive.ar; includeInIndex = 0; path = "libPods-diceApp.a"; sourceTree = BUILT_PRODUCTS_DIR; };
		966A7AB4E3CF078145A0DBC4 /* Pods-diceApp.release.xcconfig */ = {isa = PBXFileReference; includeInIndex = 1; lastKnownFileType = text.xcconfig; name = "Pods-diceApp.release.xcconfig"; path = "Target Support Files/Pods-diceApp/Pods-diceApp.release.xcconfig"; sourceTree = "<group>"; };
		AFBFE09B7B8DE33C288DA79D /* Pods-diceApp.debug.xcconfig */ = {isa = PBXFileReference; includeInIndex = 1; lastKnownFileType = text.xcconfig; name = "Pods-diceApp.debug.xcconfig"; path = "Target Support Files/Pods-diceApp/Pods-diceApp.debug.xcconfig"; sourceTree = "<group>"; };
		C02B1AE023639CA8004AF61E /* diceApp.app */ = {isa = PBXFileReference; explicitFileType = wrapper.application; includeInIndex = 0; path = diceApp.app; sourceTree = BUILT_PRODUCTS_DIR; };
		C02B1AE323639CA8004AF61E /* AppDelegate.swift */ = {isa = PBXFileReference; lastKnownFileType = sourcecode.swift; path = AppDelegate.swift; sourceTree = "<group>"; };
		C02B1AE523639CA8004AF61E /* SceneDelegate.swift */ = {isa = PBXFileReference; lastKnownFileType = sourcecode.swift; path = SceneDelegate.swift; sourceTree = "<group>"; };
		C02B1AE723639CA8004AF61E /* ViewController.swift */ = {isa = PBXFileReference; lastKnownFileType = sourcecode.swift; path = ViewController.swift; sourceTree = "<group>"; };
		C02B1AEA23639CA8004AF61E /* Base */ = {isa = PBXFileReference; lastKnownFileType = file.storyboard; name = Base; path = Base.lproj/Main.storyboard; sourceTree = "<group>"; };
		C02B1AEC23639CAD004AF61E /* Assets.xcassets */ = {isa = PBXFileReference; lastKnownFileType = folder.assetcatalog; path = Assets.xcassets; sourceTree = "<group>"; };
		C02B1AEF23639CAD004AF61E /* Base */ = {isa = PBXFileReference; lastKnownFileType = file.storyboard; name = Base; path = Base.lproj/LaunchScreen.storyboard; sourceTree = "<group>"; };
		C02B1AF123639CAD004AF61E /* Info.plist */ = {isa = PBXFileReference; lastKnownFileType = text.plist.xml; path = Info.plist; sourceTree = "<group>"; };
/* End PBXFileReference section */

/* Begin PBXFrameworksBuildPhase section */
		C02B1ADD23639CA8004AF61E /* Frameworks */ = {
			isa = PBXFrameworksBuildPhase;
			buildActionMask = 2147483647;
			files = (
				1494AEAFD0482693910323D5 /* libPods-diceApp.a in Frameworks */,
			);
			runOnlyForDeploymentPostprocessing = 0;
		};
/* End PBXFrameworksBuildPhase section */

/* Begin PBXGroup section */
		79E714BB3F15041FA607027D /* Pods */ = {
			isa = PBXGroup;
			children = (
				AFBFE09B7B8DE33C288DA79D /* Pods-diceApp.debug.xcconfig */,
				966A7AB4E3CF078145A0DBC4 /* Pods-diceApp.release.xcconfig */,
			);
			name = Pods;
			path = Pods;
			sourceTree = "<group>";
		};
		7F75D1BB050807F02D41811D /* Frameworks */ = {
			isa = PBXGroup;
			children = (
				1BD5E0F99F7958F7CCC77507 /* libPods-diceApp.a */,
			);
			name = Frameworks;
			sourceTree = "<group>";
		};
		C02B1AD723639CA8004AF61E = {
			isa = PBXGroup;
			children = (
				C02B1AE223639CA8004AF61E /* diceApp */,
				C02B1AE123639CA8004AF61E /* Products */,
				79E714BB3F15041FA607027D /* Pods */,
				7F75D1BB050807F02D41811D /* Frameworks */,
			);
			sourceTree = "<group>";
		};
		C02B1AE123639CA8004AF61E /* Products */ = {
			isa = PBXGroup;
			children = (
				C02B1AE023639CA8004AF61E /* diceApp.app */,
			);
			name = Products;
			sourceTree = "<group>";
		};
		C02B1AE223639CA8004AF61E /* diceApp */ = {
			isa = PBXGroup;
			children = (
				C02B1AE323639CA8004AF61E /* AppDelegate.swift */,
				C02B1AE523639CA8004AF61E /* SceneDelegate.swift */,
				C02B1AE723639CA8004AF61E /* ViewController.swift */,
				C02B1AE923639CA8004AF61E /* Main.storyboard */,
				C02B1AEC23639CAD004AF61E /* Assets.xcassets */,
				C02B1AEE23639CAD004AF61E /* LaunchScreen.storyboard */,
				C02B1AF123639CAD004AF61E /* Info.plist */,
			);
			path = diceApp;
			sourceTree = "<group>";
		};
/* End PBXGroup section */

/* Begin PBXNativeTarget section */
		C02B1ADF23639CA8004AF61E /* diceApp */ = {
			isa = PBXNativeTarget;
			buildConfigurationList = C02B1AF423639CAD004AF61E /* Build configuration list for PBXNativeTarget "diceApp" */;
			buildPhases = (
				B6AC570BCFC7899AAD559835 /* [CP] Check Pods Manifest.lock */,
				C02B1ADC23639CA8004AF61E /* Sources */,
				C02B1ADD23639CA8004AF61E /* Frameworks */,
				C02B1ADE23639CA8004AF61E /* Resources */,
			);
			buildRules = (
			);
			dependencies = (
			);
			name = diceApp;
			productName = diceApp;
			productReference = C02B1AE023639CA8004AF61E /* diceApp.app */;
			productType = "com.apple.product-type.application";
		};
/* End PBXNativeTarget section */

/* Begin PBXProject section */
		C02B1AD823639CA8004AF61E /* Project object */ = {
			isa = PBXProject;
			attributes = {
				LastSwiftUpdateCheck = 1110;
				LastUpgradeCheck = 1110;
				ORGANIZATIONNAME = "OCV, LLC";
				TargetAttributes = {
					C02B1ADF23639CA8004AF61E = {
						CreatedOnToolsVersion = 11.1;
					};
				};
			};
			buildConfigurationList = C02B1ADB23639CA8004AF61E /* Build configuration list for PBXProject "diceApp" */;
			compatibilityVersion = "Xcode 9.3";
			developmentRegion = en;
			hasScannedForEncodings = 0;
			knownRegions = (
				en,
				Base,
			);
			mainGroup = C02B1AD723639CA8004AF61E;
			productRefGroup = C02B1AE123639CA8004AF61E /* Products */;
			projectDirPath = "";
			projectRoot = "";
			targets = (
				C02B1ADF23639CA8004AF61E /* diceApp */,
			);
		};
/* End PBXProject section */

/* Begin PBXResourcesBuildPhase section */
		C02B1ADE23639CA8004AF61E /* Resources */ = {
			isa = PBXResourcesBuildPhase;
			buildActionMask = 2147483647;
			files = (
				C02B1AF023639CAD004AF61E /* LaunchScreen.storyboard in Resources */,
				C02B1AED23639CAD004AF61E /* Assets.xcassets in Resources */,
				C02B1AEB23639CA8004AF61E /* Main.storyboard in Resources */,
			);
			runOnlyForDeploymentPostprocessing = 0;
		};
/* End PBXResourcesBuildPhase section */

/* Begin PBXShellScriptBuildPhase section */
		B6AC570BCFC7899AAD559835 /* [CP] Check Pods Manifest.lock */ = {
			isa = PBXShellScriptBuildPhase;
			buildActionMask = 2147483647;
			files = (
			);
			inputFileListPaths = (
			);
			inputPaths = (
				"${PODS_PODFILE_DIR_PATH}/Podfile.lock",
				"${PODS_ROOT}/Manifest.lock",
			);
			name = "[CP] Check Pods Manifest.lock";
			outputFileListPaths = (
			);
			outputPaths = (
				"$(DERIVED_FILE_DIR)/Pods-diceApp-checkManifestLockResult.txt",
			);
			runOnlyForDeploymentPostprocessing = 0;
			shellPath = /bin/sh;
			shellScript = "diff \"${PODS_PODFILE_DIR_PATH}/Podfile.lock\" \"${PODS_ROOT}/Manifest.lock\" > /dev/null\nif [ $? != 0 ] ; then\n    # print error to STDERR\n    echo \"error: The sandbox is not in sync with the Podfile.lock. Run 'pod install' or update your CocoaPods installation.\" >&2\n    exit 1\nfi\n# This output is used by Xcode 'outputs' to avoid re-running this script phase.\necho \"SUCCESS\" > \"${SCRIPT_OUTPUT_FILE_0}\"\n";
			showEnvVarsInLog = 0;
		};
/* End PBXShellScriptBuildPhase section */

/* Begin PBXSourcesBuildPhase section */
		C02B1ADC23639CA8004AF61E /* Sources */ = {
			isa = PBXSourcesBuildPhase;
			buildActionMask = 2147483647;
			files = (
				C02B1AE823639CA8004AF61E /* ViewController.swift in Sources */,
				C02B1AE423639CA8004AF61E /* AppDelegate.swift in Sources */,
				C02B1AE623639CA8004AF61E /* SceneDelegate.swift in Sources */,
			);
			runOnlyForDeploymentPostprocessing = 0;
		};
/* End PBXSourcesBuildPhase section */

/* Begin PBXVariantGroup section */
		C02B1AE923639CA8004AF61E /* Main.storyboard */ = {
			isa = PBXVariantGroup;
			children = (
				C02B1AEA23639CA8004AF61E /* Base */,
			);
			name = Main.storyboard;
			sourceTree = "<group>";
		};
		C02B1AEE23639CAD004AF61E /* LaunchScreen.storyboard */ = {
			isa = PBXVariantGroup;
			children = (
				C02B1AEF23639CAD004AF61E /* Base */,
			);
			name = LaunchScreen.storyboard;
			sourceTree = "<group>";
		};
/* End PBXVariantGroup section */

/* Begin XCBuildConfiguration section */
		C02B1AF223639CAD004AF61E /* Debug */ = {
			isa = XCBuildConfiguration;
			buildSettings = {
				ALWAYS_SEARCH_USER_PATHS = NO;
				CLANG_ANALYZER_NONNULL = YES;
				CLANG_ANALYZER_NUMBER_OBJECT_CONVERSION = YES_AGGRESSIVE;
				CLANG_CXX_LANGUAGE_STANDARD = "gnu++14";
				CLANG_CXX_LIBRARY = "libc++";
				CLANG_ENABLE_MODULES = YES;
				CLANG_ENABLE_OBJC_ARC = YES;
				CLANG_ENABLE_OBJC_WEAK = YES;
				CLANG_WARN_BLOCK_CAPTURE_AUTORELEASING = YES;
				CLANG_WARN_BOOL_CONVERSION = YES;
				CLANG_WARN_COMMA = YES;
				CLANG_WARN_CONSTANT_CONVERSION = YES;
				CLANG_WARN_DEPRECATED_OBJC_IMPLEMENTATIONS = YES;
				CLANG_WARN_DIRECT_OBJC_ISA_USAGE = YES_ERROR;
				CLANG_WARN_DOCUMENTATION_COMMENTS = YES;
				CLANG_WARN_EMPTY_BODY = YES;
				CLANG_WARN_ENUM_CONVERSION = YES;
				CLANG_WARN_INFINITE_RECURSION = YES;
				CLANG_WARN_INT_CONVERSION = YES;
				CLANG_WARN_NON_LITERAL_NULL_CONVERSION = YES;
				CLANG_WARN_OBJC_IMPLICIT_RETAIN_SELF = YES;
				CLANG_WARN_OBJC_LITERAL_CONVERSION = YES;
				CLANG_WARN_OBJC_ROOT_CLASS = YES_ERROR;
				CLANG_WARN_RANGE_LOOP_ANALYSIS = YES;
				CLANG_WARN_STRICT_PROTOTYPES = YES;
				CLANG_WARN_SUSPICIOUS_MOVE = YES;
				CLANG_WARN_UNGUARDED_AVAILABILITY = YES_AGGRESSIVE;
				CLANG_WARN_UNREACHABLE_CODE = YES;
				CLANG_WARN__DUPLICATE_METHOD_MATCH = YES;
				COPY_PHASE_STRIP = NO;
				DEBUG_INFORMATION_FORMAT = dwarf;
				ENABLE_STRICT_OBJC_MSGSEND = YES;
				ENABLE_TESTABILITY = YES;
				GCC_C_LANGUAGE_STANDARD = gnu11;
				GCC_DYNAMIC_NO_PIC = NO;
				GCC_NO_COMMON_BLOCKS = YES;
				GCC_OPTIMIZATION_LEVEL = 0;
				GCC_PREPROCESSOR_DEFINITIONS = (
					"DEBUG=1",
					"$(inherited)",
				);
				GCC_WARN_64_TO_32_BIT_CONVERSION = YES;
				GCC_WARN_ABOUT_RETURN_TYPE = YES_ERROR;
				GCC_WARN_UNDECLARED_SELECTOR = YES;
				GCC_WARN_UNINITIALIZED_AUTOS = YES_AGGRESSIVE;
				GCC_WARN_UNUSED_FUNCTION = YES;
				GCC_WARN_UNUSED_VARIABLE = YES;
				IPHONEOS_DEPLOYMENT_TARGET = 13.1;
				MTL_ENABLE_DEBUG_INFO = INCLUDE_SOURCE;
				MTL_FAST_MATH = YES;
				ONLY_ACTIVE_ARCH = YES;
				SDKROOT = iphoneos;
				SWIFT_ACTIVE_COMPILATION_CONDITIONS = DEBUG;
				SWIFT_OPTIMIZATION_LEVEL = "-Onone";
			};
			name = Debug;
		};
		C02B1AF323639CAD004AF61E /* Release */ = {
			isa = XCBuildConfiguration;
			buildSettings = {
				ALWAYS_SEARCH_USER_PATHS = NO;
				CLANG_ANALYZER_NONNULL = YES;
				CLANG_ANALYZER_NUMBER_OBJECT_CONVERSION = YES_AGGRESSIVE;
				CLANG_CXX_LANGUAGE_STANDARD = "gnu++14";
				CLANG_CXX_LIBRARY = "libc++";
				CLANG_ENABLE_MODULES = YES;
				CLANG_ENABLE_OBJC_ARC = YES;
				CLANG_ENABLE_OBJC_WEAK = YES;
				CLANG_WARN_BLOCK_CAPTURE_AUTORELEASING = YES;
				CLANG_WARN_BOOL_CONVERSION = YES;
				CLANG_WARN_COMMA = YES;
				CLANG_WARN_CONSTANT_CONVERSION = YES;
				CLANG_WARN_DEPRECATED_OBJC_IMPLEMENTATIONS = YES;
				CLANG_WARN_DIRECT_OBJC_ISA_USAGE = YES_ERROR;
				CLANG_WARN_DOCUMENTATION_COMMENTS = YES;
				CLANG_WARN_EMPTY_BODY = YES;
				CLANG_WARN_ENUM_CONVERSION = YES;
				CLANG_WARN_INFINITE_RECURSION = YES;
				CLANG_WARN_INT_CONVERSION = YES;
				CLANG_WARN_NON_LITERAL_NULL_CONVERSION = YES;
				CLANG_WARN_OBJC_IMPLICIT_RETAIN_SELF = YES;
				CLANG_WARN_OBJC_LITERAL_CONVERSION = YES;
				CLANG_WARN_OBJC_ROOT_CLASS = YES_ERROR;
				CLANG_WARN_RANGE_LOOP_ANALYSIS = YES;
				CLANG_WARN_STRICT_PROTOTYPES = YES;
				CLANG_WARN_SUSPICIOUS_MOVE = YES;
				CLANG_WARN_UNGUARDED_AVAILABILITY = YES_AGGRESSIVE;
				CLANG_WARN_UNREACHABLE_CODE = YES;
				CLANG_WARN__DUPLICATE_METHOD_MATCH = YES;
				COPY_PHASE_STRIP = NO;
				DEBUG_INFORMATION_FORMAT = "dwarf-with-dsym";
				ENABLE_NS_ASSERTIONS = NO;
				ENABLE_STRICT_OBJC_MSGSEND = YES;
				GCC_C_LANGUAGE_STANDARD = gnu11;
				GCC_NO_COMMON_BLOCKS = YES;
				GCC_WARN_64_TO_32_BIT_CONVERSION = YES;
				GCC_WARN_ABOUT_RETURN_TYPE = YES_ERROR;
				GCC_WARN_UNDECLARED_SELECTOR = YES;
				GCC_WARN_UNINITIALIZED_AUTOS = YES_AGGRESSIVE;
				GCC_WARN_UNUSED_FUNCTION = YES;
				GCC_WARN_UNUSED_VARIABLE = YES;
				IPHONEOS_DEPLOYMENT_TARGET = 13.1;
				MTL_ENABLE_DEBUG_INFO = NO;
				MTL_FAST_MATH = YES;
				SDKROOT = iphoneos;
				SWIFT_COMPILATION_MODE = wholemodule;
				SWIFT_OPTIMIZATION_LEVEL = "-O";
				VALIDATE_PRODUCT = YES;
			};
			name = Release;
		};
		C02B1AF523639CAD004AF61E /* Debug */ = {
			isa = XCBuildConfiguration;
			baseConfigurationReference = AFBFE09B7B8DE33C288DA79D /* Pods-diceApp.debug.xcconfig */;
			buildSettings = {
				ASSETCATALOG_COMPILER_APPICON_NAME = AppIcon;
				CODE_SIGN_STYLE = Automatic;
				DEVELOPMENT_TEAM = J638W5H5RB;
				INFOPLIST_FILE = diceApp/Info.plist;
				LD_RUNPATH_SEARCH_PATHS = (
					"$(inherited)",
					"@executable_path/Frameworks",
				);
				PRODUCT_BUNDLE_IDENTIFIER = com.ocvapps.diceApp;
				PRODUCT_NAME = "$(TARGET_NAME)";
				SWIFT_VERSION = 5.0;
				TARGETED_DEVICE_FAMILY = "1,2";
			};
			name = Debug;
		};
		C02B1AF623639CAD004AF61E /* Release */ = {
			isa = XCBuildConfiguration;
			baseConfigurationReference = 966A7AB4E3CF078145A0DBC4 /* Pods-diceApp.release.xcconfig */;
			buildSettings = {
				ASSETCATALOG_COMPILER_APPICON_NAME = AppIcon;
				CODE_SIGN_STYLE = Automatic;
				DEVELOPMENT_TEAM = J638W5H5RB;
				INFOPLIST_FILE = diceApp/Info.plist;
				LD_RUNPATH_SEARCH_PATHS = (
					"$(inherited)",
					"@executable_path/Frameworks",
				);
				PRODUCT_BUNDLE_IDENTIFIER = com.ocvapps.diceApp;
				PRODUCT_NAME = "$(TARGET_NAME)";
				SWIFT_VERSION = 5.0;
				TARGETED_DEVICE_FAMILY = "1,2";
			};
			name = Release;
		};
/* End XCBuildConfiguration section */

/* Begin XCConfigurationList section */
		C02B1ADB23639CA8004AF61E /* Build configuration list for PBXProject "diceApp" */ = {
			isa = XCConfigurationList;
			buildConfigurations = (
				C02B1AF223639CAD004AF61E /* Debug */,
				C02B1AF323639CAD004AF61E /* Release */,
			);
			defaultConfigurationIsVisible = 0;
			defaultConfigurationName = Release;
		};
		C02B1AF423639CAD004AF61E /* Build configuration list for PBXNativeTarget "diceApp" */ = {
			isa = XCConfigurationList;
			buildConfigurations = (
				C02B1AF523639CAD004AF61E /* Debug */,
				C02B1AF623639CAD004AF61E /* Release */,
			);
			defaultConfigurationIsVisible = 0;
			defaultConfigurationName = Release;
		};
/* End XCConfigurationList section */
	};
	rootObject = C02B1AD823639CA8004AF61E /* Project object */;
}
